
Microsoft Visual Studio Solution File, Format Version 12.00
# Visual Studio Version 17
VisualStudioVersion = 17.0.31903.59
MinimumVisualStudioVersion = 10.0.40219.1
Project("{FAE04EC0-301F-11D3-BF4B-00C04F79EFBC}") = "TCPServer", "Server\TCPServer.csproj", "{77D77DA7-7A21-4A21-91F3-6962BC903E87}"
EndProject
Project("{FAE04EC0-301F-11D3-BF4B-00C04F79EFBC}") = "TCPClient", "Client\TCPClient.csproj", "{81D30E49-748A-41E5-8698-30CEC10F05EE}"
EndProject
Global
	GlobalSection(SolutionConfigurationPlatforms) = preSolution
		Debug|Any CPU = Debug|Any CPU
		Release|Any CPU = Release|Any CPU
	EndGlobalSection
	GlobalSection(SolutionProperties) = preSolution
		HideSolutionNode = FALSE
	EndGlobalSection
	GlobalSection(ProjectConfigurationPlatforms) = postSolution
		{77D77DA7-7A21-4A21-91F3-6962BC903E87}.Debug|Any CPU.ActiveCfg = Debug|Any CPU
		{77D77DA7-7A21-4A21-91F3-6962BC903E87}.Debug|Any CPU.Build.0 = Debug|Any CPU
		{77D77DA7-7A21-4A21-91F3-6962BC903E87}.Release|Any CPU.ActiveCfg = Release|Any CPU
		{77D77DA7-7A21-4A21-91F3-6962BC903E87}.Release|Any CPU.Build.0 = Release|Any CPU
		{81D30E49-748A-41E5-8698-30CEC10F05EE}.Debug|Any CPU.ActiveCfg = Debug|Any CPU
		{81D30E49-748A-41E5-8698-30CEC10F05EE}.Debug|Any CPU.Build.0 = Debug|Any CPU
		{81D30E49-748A-41E5-8698-30CEC10F05EE}.Release|Any CPU.ActiveCfg = Release|Any CPU
		{81D30E49-748A-41E5-8698-30CEC10F05EE}.Release|Any CPU.Build.0 = Release|Any CPU
	EndGlobalSection
EndGlobal
